// !$*UTF8*$!
{
	archiveVersion = 1;
	classes = {
	};
	objectVersion = 50;
	objects = {

/* Begin PBXBuildFile section */
		1610B3DC26B2D93A008D37D0 /* Model.xcdatamodeld in Sources */ = {isa = PBXBuildFile; fileRef = 16AB05A026B1AAFC00C1864A /* Model.xcdatamodeld */; };
		1627CA9926AC9F0700D64136 /* TicketsTableViewController.m in Sources */ = {isa = PBXBuildFile; fileRef = 1627CA9826AC9F0700D64136 /* TicketsTableViewController.m */; };
		1627FC0726A86663001385FE /* AppDelegate.m in Sources */ = {isa = PBXBuildFile; fileRef = 1627FC0626A86663001385FE /* AppDelegate.m */; };
		1627FC0A26A86663001385FE /* SceneDelegate.m in Sources */ = {isa = PBXBuildFile; fileRef = 1627FC0926A86663001385FE /* SceneDelegate.m */; };
		1627FC0D26A86663001385FE /* MainViewController.m in Sources */ = {isa = PBXBuildFile; fileRef = 1627FC0C26A86663001385FE /* MainViewController.m */; };
		1627FC1226A86668001385FE /* Assets.xcassets in Resources */ = {isa = PBXBuildFile; fileRef = 1627FC1126A86668001385FE /* Assets.xcassets */; };
		1627FC1526A86668001385FE /* LaunchScreen.storyboard in Resources */ = {isa = PBXBuildFile; fileRef = 1627FC1326A86668001385FE /* LaunchScreen.storyboard */; };
		1627FC1826A86668001385FE /* main.m in Sources */ = {isa = PBXBuildFile; fileRef = 1627FC1726A86668001385FE /* main.m */; };
		1627FC2226A86668001385FE /* FlightSearchServiceTests.m in Sources */ = {isa = PBXBuildFile; fileRef = 1627FC2126A86668001385FE /* FlightSearchServiceTests.m */; };
		1627FC2D26A86668001385FE /* FlightSearchServiceUITests.m in Sources */ = {isa = PBXBuildFile; fileRef = 1627FC2C26A86668001385FE /* FlightSearchServiceUITests.m */; };
		1637256426AD82B600F05D8B /* LocationService.m in Sources */ = {isa = PBXBuildFile; fileRef = 1637256326AD82B600F05D8B /* LocationService.m */; };
		1637256726AD897E00F05D8B /* MapWithPrice.m in Sources */ = {isa = PBXBuildFile; fileRef = 1637256626AD897E00F05D8B /* MapWithPrice.m */; };
		1637256B26ADAE5100F05D8B /* MapViewController.m in Sources */ = {isa = PBXBuildFile; fileRef = 1637256A26ADAE5100F05D8B /* MapViewController.m */; };
		164311D826A9BFD3004E7B6A /* TicketsTableViewCell.m in Sources */ = {isa = PBXBuildFile; fileRef = 164311D726A9BFD3004E7B6A /* TicketsTableViewCell.m */; };
		164311DE26AAFE4E004E7B6A /* ApiManager.m in Sources */ = {isa = PBXBuildFile; fileRef = 164311DD26AAFE4E004E7B6A /* ApiManager.m */; };
		164311E126AB4CAF004E7B6A /* Ticket.m in Sources */ = {isa = PBXBuildFile; fileRef = 164311E026AB4CAF004E7B6A /* Ticket.m */; };
		1648E85B26B57538005D87B9 /* packmanAnimation.json in Resources */ = {isa = PBXBuildFile; fileRef = 1648E85A26B57538005D87B9 /* packmanAnimation.json */; };
		166085AB26AF366F00375847 /* TabBarController.m in Sources */ = {isa = PBXBuildFile; fileRef = 166085AA26AF366F00375847 /* TabBarController.m */; };
		16AB05A626B1ACAA00C1864A /* FavoriteTicket+CoreDataClass.swift in Sources */ = {isa = PBXBuildFile; fileRef = 16AB05A426B1ACAA00C1864A /* FavoriteTicket+CoreDataClass.swift */; };
		16AB05A726B1ACAA00C1864A /* FavoriteTicket+CoreDataProperties.swift in Sources */ = {isa = PBXBuildFile; fileRef = 16AB05A526B1ACAA00C1864A /* FavoriteTicket+CoreDataProperties.swift */; };
		16AB05AB26B1AD0200C1864A /* CoreDataHelper.m in Sources */ = {isa = PBXBuildFile; fileRef = 16AB05AA26B1AD0200C1864A /* CoreDataHelper.m */; };
		16B274FC26A873DB004B89A7 /* PlaceViewController.m in Sources */ = {isa = PBXBuildFile; fileRef = 16B274FB26A873DB004B89A7 /* PlaceViewController.m */; };
		16B2750126A889B6004B89A7 /* Country.m in Sources */ = {isa = PBXBuildFile; fileRef = 16B2750026A889B6004B89A7 /* Country.m */; };
		16B2750426A88B47004B89A7 /* City.m in Sources */ = {isa = PBXBuildFile; fileRef = 16B2750326A88B47004B89A7 /* City.m */; };
		16B2750726A88E80004B89A7 /* Airport.m in Sources */ = {isa = PBXBuildFile; fileRef = 16B2750626A88E80004B89A7 /* Airport.m */; };
		16B2750A26A8905A004B89A7 /* DataManager.m in Sources */ = {isa = PBXBuildFile; fileRef = 16B2750926A8905A004B89A7 /* DataManager.m */; };
		16BA767B26A8BBB000E269B2 /* cities.json in Resources */ = {isa = PBXBuildFile; fileRef = 16BA767826A8BBAF00E269B2 /* cities.json */; };
		16BA767C26A8BBB000E269B2 /* countries.json in Resources */ = {isa = PBXBuildFile; fileRef = 16BA767926A8BBB000E269B2 /* countries.json */; };
		16BA767D26A8BBB000E269B2 /* airports.json in Resources */ = {isa = PBXBuildFile; fileRef = 16BA767A26A8BBB000E269B2 /* airports.json */; };
/* End PBXBuildFile section */

/* Begin PBXContainerItemProxy section */
		1627FC1E26A86668001385FE /* PBXContainerItemProxy */ = {
			isa = PBXContainerItemProxy;
			containerPortal = 1627FBFA26A86663001385FE /* Project object */;
			proxyType = 1;
			remoteGlobalIDString = 1627FC0126A86663001385FE;
			remoteInfo = FlightSearchService;
		};
		1627FC2926A86668001385FE /* PBXContainerItemProxy */ = {
			isa = PBXContainerItemProxy;
			containerPortal = 1627FBFA26A86663001385FE /* Project object */;
			proxyType = 1;
			remoteGlobalIDString = 1627FC0126A86663001385FE;
			remoteInfo = FlightSearchService;
		};
/* End PBXContainerItemProxy section */

/* Begin PBXFileReference section */
		1627CA9726AC9F0700D64136 /* TicketsTableViewController.h */ = {isa = PBXFileReference; lastKnownFileType = sourcecode.c.h; path = TicketsTableViewController.h; sourceTree = "<group>"; };
		1627CA9826AC9F0700D64136 /* TicketsTableViewController.m */ = {isa = PBXFileReference; lastKnownFileType = sourcecode.c.objc; path = TicketsTableViewController.m; sourceTree = "<group>"; };
		1627FC0226A86663001385FE /* FlightSearchService.app */ = {isa = PBXFileReference; explicitFileType = wrapper.application; includeInIndex = 0; path = FlightSearchService.app; sourceTree = BUILT_PRODUCTS_DIR; };
		1627FC0526A86663001385FE /* AppDelegate.h */ = {isa = PBXFileReference; lastKnownFileType = sourcecode.c.h; path = AppDelegate.h; sourceTree = "<group>"; };
		1627FC0626A86663001385FE /* AppDelegate.m */ = {isa = PBXFileReference; lastKnownFileType = sourcecode.c.objc; path = AppDelegate.m; sourceTree = "<group>"; };
		1627FC0826A86663001385FE /* SceneDelegate.h */ = {isa = PBXFileReference; lastKnownFileType = sourcecode.c.h; path = SceneDelegate.h; sourceTree = "<group>"; };
		1627FC0926A86663001385FE /* SceneDelegate.m */ = {isa = PBXFileReference; lastKnownFileType = sourcecode.c.objc; path = SceneDelegate.m; sourceTree = "<group>"; };
		1627FC0B26A86663001385FE /* MainViewController.h */ = {isa = PBXFileReference; lastKnownFileType = sourcecode.c.h; path = MainViewController.h; sourceTree = "<group>"; };
		1627FC0C26A86663001385FE /* MainViewController.m */ = {isa = PBXFileReference; lastKnownFileType = sourcecode.c.objc; path = MainViewController.m; sourceTree = "<group>"; };
		1627FC1126A86668001385FE /* Assets.xcassets */ = {isa = PBXFileReference; lastKnownFileType = folder.assetcatalog; path = Assets.xcassets; sourceTree = "<group>"; };
		1627FC1426A86668001385FE /* Base */ = {isa = PBXFileReference; lastKnownFileType = file.storyboard; name = Base; path = Base.lproj/LaunchScreen.storyboard; sourceTree = "<group>"; };
		1627FC1626A86668001385FE /* Info.plist */ = {isa = PBXFileReference; lastKnownFileType = text.plist.xml; path = Info.plist; sourceTree = "<group>"; };
		1627FC1726A86668001385FE /* main.m */ = {isa = PBXFileReference; lastKnownFileType = sourcecode.c.objc; path = main.m; sourceTree = "<group>"; };
		1627FC1D26A86668001385FE /* FlightSearchServiceTests.xctest */ = {isa = PBXFileReference; explicitFileType = wrapper.cfbundle; includeInIndex = 0; path = FlightSearchServiceTests.xctest; sourceTree = BUILT_PRODUCTS_DIR; };
		1627FC2126A86668001385FE /* FlightSearchServiceTests.m */ = {isa = PBXFileReference; lastKnownFileType = sourcecode.c.objc; path = FlightSearchServiceTests.m; sourceTree = "<group>"; };
		1627FC2326A86668001385FE /* Info.plist */ = {isa = PBXFileReference; lastKnownFileType = text.plist.xml; path = Info.plist; sourceTree = "<group>"; };
		1627FC2826A86668001385FE /* FlightSearchServiceUITests.xctest */ = {isa = PBXFileReference; explicitFileType = wrapper.cfbundle; includeInIndex = 0; path = FlightSearchServiceUITests.xctest; sourceTree = BUILT_PRODUCTS_DIR; };
		1627FC2C26A86668001385FE /* FlightSearchServiceUITests.m */ = {isa = PBXFileReference; lastKnownFileType = sourcecode.c.objc; path = FlightSearchServiceUITests.m; sourceTree = "<group>"; };
		1627FC2E26A86668001385FE /* Info.plist */ = {isa = PBXFileReference; lastKnownFileType = text.plist.xml; path = Info.plist; sourceTree = "<group>"; };
		1637256226AD82B600F05D8B /* LocationService.h */ = {isa = PBXFileReference; lastKnownFileType = sourcecode.c.h; path = LocationService.h; sourceTree = "<group>"; };
		1637256326AD82B600F05D8B /* LocationService.m */ = {isa = PBXFileReference; lastKnownFileType = sourcecode.c.objc; path = LocationService.m; sourceTree = "<group>"; };
		1637256526AD897E00F05D8B /* MapWithPrice.h */ = {isa = PBXFileReference; lastKnownFileType = sourcecode.c.h; path = MapWithPrice.h; sourceTree = "<group>"; };
		1637256626AD897E00F05D8B /* MapWithPrice.m */ = {isa = PBXFileReference; lastKnownFileType = sourcecode.c.objc; path = MapWithPrice.m; sourceTree = "<group>"; };
		1637256926ADAE5100F05D8B /* MapViewController.h */ = {isa = PBXFileReference; lastKnownFileType = sourcecode.c.h; path = MapViewController.h; sourceTree = "<group>"; };
		1637256A26ADAE5100F05D8B /* MapViewController.m */ = {isa = PBXFileReference; lastKnownFileType = sourcecode.c.objc; path = MapViewController.m; sourceTree = "<group>"; };
		164311D626A9BFD3004E7B6A /* TicketsTableViewCell.h */ = {isa = PBXFileReference; lastKnownFileType = sourcecode.c.h; path = TicketsTableViewCell.h; sourceTree = "<group>"; };
		164311D726A9BFD3004E7B6A /* TicketsTableViewCell.m */ = {isa = PBXFileReference; lastKnownFileType = sourcecode.c.objc; path = TicketsTableViewCell.m; sourceTree = "<group>"; };
		164311DC26AAFE4E004E7B6A /* ApiManager.h */ = {isa = PBXFileReference; lastKnownFileType = sourcecode.c.h; path = ApiManager.h; sourceTree = "<group>"; };
		164311DD26AAFE4E004E7B6A /* ApiManager.m */ = {isa = PBXFileReference; lastKnownFileType = sourcecode.c.objc; path = ApiManager.m; sourceTree = "<group>"; };
		164311DF26AB4CAF004E7B6A /* Ticket.h */ = {isa = PBXFileReference; lastKnownFileType = sourcecode.c.h; path = Ticket.h; sourceTree = "<group>"; };
		164311E026AB4CAF004E7B6A /* Ticket.m */ = {isa = PBXFileReference; lastKnownFileType = sourcecode.c.objc; path = Ticket.m; sourceTree = "<group>"; };
		1648E85A26B57538005D87B9 /* packmanAnimation.json */ = {isa = PBXFileReference; fileEncoding = 4; lastKnownFileType = text.json; path = packmanAnimation.json; sourceTree = "<group>"; };
		166085A926AF366F00375847 /* TabBarController.h */ = {isa = PBXFileReference; lastKnownFileType = sourcecode.c.h; path = TabBarController.h; sourceTree = "<group>"; };
		166085AA26AF366F00375847 /* TabBarController.m */ = {isa = PBXFileReference; lastKnownFileType = sourcecode.c.objc; path = TabBarController.m; sourceTree = "<group>"; };
		16AB05A126B1AAFC00C1864A /* Model.xcdatamodel */ = {isa = PBXFileReference; lastKnownFileType = wrapper.xcdatamodel; path = Model.xcdatamodel; sourceTree = "<group>"; };
		16AB05A326B1ACAA00C1864A /* FlightSearchService-Bridging-Header.h */ = {isa = PBXFileReference; lastKnownFileType = sourcecode.c.h; path = "FlightSearchService-Bridging-Header.h"; sourceTree = "<group>"; };
		16AB05A426B1ACAA00C1864A /* FavoriteTicket+CoreDataClass.swift */ = {isa = PBXFileReference; lastKnownFileType = sourcecode.swift; path = "FavoriteTicket+CoreDataClass.swift"; sourceTree = "<group>"; };
		16AB05A526B1ACAA00C1864A /* FavoriteTicket+CoreDataProperties.swift */ = {isa = PBXFileReference; lastKnownFileType = sourcecode.swift; path = "FavoriteTicket+CoreDataProperties.swift"; sourceTree = "<group>"; };
		16AB05A926B1AD0200C1864A /* CoreDataHelper.h */ = {isa = PBXFileReference; lastKnownFileType = sourcecode.c.h; path = CoreDataHelper.h; sourceTree = "<group>"; };
		16AB05AA26B1AD0200C1864A /* CoreDataHelper.m */ = {isa = PBXFileReference; lastKnownFileType = sourcecode.c.objc; path = CoreDataHelper.m; sourceTree = "<group>"; };
		16B274FA26A873DB004B89A7 /* PlaceViewController.h */ = {isa = PBXFileReference; lastKnownFileType = sourcecode.c.h; path = PlaceViewController.h; sourceTree = "<group>"; };
		16B274FB26A873DB004B89A7 /* PlaceViewController.m */ = {isa = PBXFileReference; lastKnownFileType = sourcecode.c.objc; path = PlaceViewController.m; sourceTree = "<group>"; };
		16B274FF26A889B6004B89A7 /* Country.h */ = {isa = PBXFileReference; lastKnownFileType = sourcecode.c.h; path = Country.h; sourceTree = "<group>"; };
		16B2750026A889B6004B89A7 /* Country.m */ = {isa = PBXFileReference; lastKnownFileType = sourcecode.c.objc; path = Country.m; sourceTree = "<group>"; };
		16B2750226A88B47004B89A7 /* City.h */ = {isa = PBXFileReference; lastKnownFileType = sourcecode.c.h; path = City.h; sourceTree = "<group>"; };
		16B2750326A88B47004B89A7 /* City.m */ = {isa = PBXFileReference; lastKnownFileType = sourcecode.c.objc; path = City.m; sourceTree = "<group>"; };
		16B2750526A88E80004B89A7 /* Airport.h */ = {isa = PBXFileReference; lastKnownFileType = sourcecode.c.h; path = Airport.h; sourceTree = "<group>"; };
		16B2750626A88E80004B89A7 /* Airport.m */ = {isa = PBXFileReference; lastKnownFileType = sourcecode.c.objc; path = Airport.m; sourceTree = "<group>"; };
		16B2750826A8905A004B89A7 /* DataManager.h */ = {isa = PBXFileReference; lastKnownFileType = sourcecode.c.h; path = DataManager.h; sourceTree = "<group>"; };
		16B2750926A8905A004B89A7 /* DataManager.m */ = {isa = PBXFileReference; lastKnownFileType = sourcecode.c.objc; path = DataManager.m; sourceTree = "<group>"; };
		16BA767826A8BBAF00E269B2 /* cities.json */ = {isa = PBXFileReference; fileEncoding = 4; lastKnownFileType = text.json; path = cities.json; sourceTree = "<group>"; };
		16BA767926A8BBB000E269B2 /* countries.json */ = {isa = PBXFileReference; fileEncoding = 4; lastKnownFileType = text.json; path = countries.json; sourceTree = "<group>"; };
		16BA767A26A8BBB000E269B2 /* airports.json */ = {isa = PBXFileReference; fileEncoding = 4; lastKnownFileType = text.json; path = airports.json; sourceTree = "<group>"; };
/* End PBXFileReference section */

/* Begin PBXFrameworksBuildPhase section */
		1627FBFF26A86663001385FE /* Frameworks */ = {
			isa = PBXFrameworksBuildPhase;
			buildActionMask = 2147483647;
			files = (
			);
			runOnlyForDeploymentPostprocessing = 0;
		};
		1627FC1A26A86668001385FE /* Frameworks */ = {
			isa = PBXFrameworksBuildPhase;
			buildActionMask = 2147483647;
			files = (
			);
			runOnlyForDeploymentPostprocessing = 0;
		};
		1627FC2526A86668001385FE /* Frameworks */ = {
			isa = PBXFrameworksBuildPhase;
			buildActionMask = 2147483647;
			files = (
			);
			runOnlyForDeploymentPostprocessing = 0;
		};
/* End PBXFrameworksBuildPhase section */

/* Begin PBXGroup section */
		1627CA9626AC9ED700D64136 /* TicketsViewController */ = {
			isa = PBXGroup;
			children = (
				1627CA9726AC9F0700D64136 /* TicketsTableViewController.h */,
				1627CA9826AC9F0700D64136 /* TicketsTableViewController.m */,
				164311D526A9BFB9004E7B6A /* Cell */,
			);
			path = TicketsViewController;
			sourceTree = "<group>";
		};
		1627FBF926A86663001385FE = {
			isa = PBXGroup;
			children = (
				16AB05A326B1ACAA00C1864A /* FlightSearchService-Bridging-Header.h */,
				1627FC0426A86663001385FE /* FlightSearchService */,
				1627FC2026A86668001385FE /* FlightSearchServiceTests */,
				1627FC2B26A86668001385FE /* FlightSearchServiceUITests */,
				1627FC0326A86663001385FE /* Products */,
			);
			sourceTree = "<group>";
		};
		1627FC0326A86663001385FE /* Products */ = {
			isa = PBXGroup;
			children = (
				1627FC0226A86663001385FE /* FlightSearchService.app */,
				1627FC1D26A86668001385FE /* FlightSearchServiceTests.xctest */,
				1627FC2826A86668001385FE /* FlightSearchServiceUITests.xctest */,
			);
			name = Products;
			sourceTree = "<group>";
		};
		1627FC0426A86663001385FE /* FlightSearchService */ = {
			isa = PBXGroup;
			children = (
				16AB05A026B1AAFC00C1864A /* Model.xcdatamodeld */,
				16AB05A826B1ACB800C1864A /* CoreDate */,
				1637256126AD826F00F05D8B /* Service */,
				164311DB26AAFD24004E7B6A /* Managers */,
				16B274FE26A8898F004B89A7 /* Models */,
				16BA767726A8BB9300E269B2 /* JSON */,
				16B274FD26A873E2004B89A7 /* Controllers */,
				1627FC0526A86663001385FE /* AppDelegate.h */,
				1627FC0626A86663001385FE /* AppDelegate.m */,
				1627FC0826A86663001385FE /* SceneDelegate.h */,
				1627FC0926A86663001385FE /* SceneDelegate.m */,
				1627FC1126A86668001385FE /* Assets.xcassets */,
				1627FC1326A86668001385FE /* LaunchScreen.storyboard */,
				1627FC1626A86668001385FE /* Info.plist */,
				1627FC1726A86668001385FE /* main.m */,
			);
			path = FlightSearchService;
			sourceTree = "<group>";
		};
		1627FC2026A86668001385FE /* FlightSearchServiceTests */ = {
			isa = PBXGroup;
			children = (
				1627FC2126A86668001385FE /* FlightSearchServiceTests.m */,
				1627FC2326A86668001385FE /* Info.plist */,
			);
			path = FlightSearchServiceTests;
			sourceTree = "<group>";
		};
		1627FC2B26A86668001385FE /* FlightSearchServiceUITests */ = {
			isa = PBXGroup;
			children = (
				1627FC2C26A86668001385FE /* FlightSearchServiceUITests.m */,
				1627FC2E26A86668001385FE /* Info.plist */,
			);
			path = FlightSearchServiceUITests;
			sourceTree = "<group>";
		};
		1637256126AD826F00F05D8B /* Service */ = {
			isa = PBXGroup;
			children = (
				1637256226AD82B600F05D8B /* LocationService.h */,
				1637256326AD82B600F05D8B /* LocationService.m */,
			);
			path = Service;
			sourceTree = "<group>";
		};
		1637256826ADAE3500F05D8B /* MapViewController */ = {
			isa = PBXGroup;
			children = (
				1637256926ADAE5100F05D8B /* MapViewController.h */,
				1637256A26ADAE5100F05D8B /* MapViewController.m */,
			);
			path = MapViewController;
			sourceTree = "<group>";
		};
		164311D526A9BFB9004E7B6A /* Cell */ = {
			isa = PBXGroup;
			children = (
				164311D626A9BFD3004E7B6A /* TicketsTableViewCell.h */,
				164311D726A9BFD3004E7B6A /* TicketsTableViewCell.m */,
			);
			path = Cell;
			sourceTree = "<group>";
		};
		164311D926AAEECE004E7B6A /* MainViewController */ = {
			isa = PBXGroup;
			children = (
				1627FC0B26A86663001385FE /* MainViewController.h */,
				1627FC0C26A86663001385FE /* MainViewController.m */,
			);
			path = MainViewController;
			sourceTree = "<group>";
		};
		164311DA26AAEEDC004E7B6A /* PlaceViewController */ = {
			isa = PBXGroup;
			children = (
				16B274FA26A873DB004B89A7 /* PlaceViewController.h */,
				16B274FB26A873DB004B89A7 /* PlaceViewController.m */,
			);
			path = PlaceViewController;
			sourceTree = "<group>";
		};
		164311DB26AAFD24004E7B6A /* Managers */ = {
			isa = PBXGroup;
			children = (
				16B2750826A8905A004B89A7 /* DataManager.h */,
				16B2750926A8905A004B89A7 /* DataManager.m */,
				164311DC26AAFE4E004E7B6A /* ApiManager.h */,
				164311DD26AAFE4E004E7B6A /* ApiManager.m */,
			);
			path = Managers;
			sourceTree = "<group>";
		};
		16AB05A826B1ACB800C1864A /* CoreDate */ = {
			isa = PBXGroup;
			children = (
				16AB05A426B1ACAA00C1864A /* FavoriteTicket+CoreDataClass.swift */,
				16AB05A526B1ACAA00C1864A /* FavoriteTicket+CoreDataProperties.swift */,
				16AB05A926B1AD0200C1864A /* CoreDataHelper.h */,
				16AB05AA26B1AD0200C1864A /* CoreDataHelper.m */,
			);
			path = CoreDate;
			sourceTree = "<group>";
		};
		16B274FD26A873E2004B89A7 /* Controllers */ = {
			isa = PBXGroup;
			children = (
				166085A926AF366F00375847 /* TabBarController.h */,
				166085AA26AF366F00375847 /* TabBarController.m */,
				1637256826ADAE3500F05D8B /* MapViewController */,
				164311D926AAEECE004E7B6A /* MainViewController */,
				1627CA9626AC9ED700D64136 /* TicketsViewController */,
				164311DA26AAEEDC004E7B6A /* PlaceViewController */,
			);
			path = Controllers;
			sourceTree = "<group>";
		};
		16B274FE26A8898F004B89A7 /* Models */ = {
			isa = PBXGroup;
			children = (
				1637256526AD897E00F05D8B /* MapWithPrice.h */,
				1637256626AD897E00F05D8B /* MapWithPrice.m */,
				16B274FF26A889B6004B89A7 /* Country.h */,
				16B2750026A889B6004B89A7 /* Country.m */,
				16B2750226A88B47004B89A7 /* City.h */,
				16B2750326A88B47004B89A7 /* City.m */,
				16B2750526A88E80004B89A7 /* Airport.h */,
				16B2750626A88E80004B89A7 /* Airport.m */,
				164311DF26AB4CAF004E7B6A /* Ticket.h */,
				164311E026AB4CAF004E7B6A /* Ticket.m */,
			);
			path = Models;
			sourceTree = "<group>";
		};
		16BA767726A8BB9300E269B2 /* JSON */ = {
			isa = PBXGroup;
			children = (
				1648E85A26B57538005D87B9 /* packmanAnimation.json */,
				16BA767A26A8BBB000E269B2 /* airports.json */,
				16BA767826A8BBAF00E269B2 /* cities.json */,
				16BA767926A8BBB000E269B2 /* countries.json */,
			);
			path = JSON;
			sourceTree = "<group>";
		};
/* End PBXGroup section */

/* Begin PBXNativeTarget section */
		1627FC0126A86663001385FE /* FlightSearchService */ = {
			isa = PBXNativeTarget;
			buildConfigurationList = 1627FC3126A86668001385FE /* Build configuration list for PBXNativeTarget "FlightSearchService" */;
			buildPhases = (
				1627FBFE26A86663001385FE /* Sources */,
				1627FBFF26A86663001385FE /* Frameworks */,
				1627FC0026A86663001385FE /* Resources */,
			);
			buildRules = (
			);
			dependencies = (
			);
			name = FlightSearchService;
			productName = FlightSearchService;
			productReference = 1627FC0226A86663001385FE /* FlightSearchService.app */;
			productType = "com.apple.product-type.application";
		};
		1627FC1C26A86668001385FE /* FlightSearchServiceTests */ = {
			isa = PBXNativeTarget;
			buildConfigurationList = 1627FC3426A86668001385FE /* Build configuration list for PBXNativeTarget "FlightSearchServiceTests" */;
			buildPhases = (
				1627FC1926A86668001385FE /* Sources */,
				1627FC1A26A86668001385FE /* Frameworks */,
				1627FC1B26A86668001385FE /* Resources */,
			);
			buildRules = (
			);
			dependencies = (
				1627FC1F26A86668001385FE /* PBXTargetDependency */,
			);
			name = FlightSearchServiceTests;
			productName = FlightSearchServiceTests;
			productReference = 1627FC1D26A86668001385FE /* FlightSearchServiceTests.xctest */;
			productType = "com.apple.product-type.bundle.unit-test";
		};
		1627FC2726A86668001385FE /* FlightSearchServiceUITests */ = {
			isa = PBXNativeTarget;
			buildConfigurationList = 1627FC3726A86668001385FE /* Build configuration list for PBXNativeTarget "FlightSearchServiceUITests" */;
			buildPhases = (
				1627FC2426A86668001385FE /* Sources */,
				1627FC2526A86668001385FE /* Frameworks */,
				1627FC2626A86668001385FE /* Resources */,
			);
			buildRules = (
			);
			dependencies = (
				1627FC2A26A86668001385FE /* PBXTargetDependency */,
			);
			name = FlightSearchServiceUITests;
			productName = FlightSearchServiceUITests;
			productReference = 1627FC2826A86668001385FE /* FlightSearchServiceUITests.xctest */;
			productType = "com.apple.product-type.bundle.ui-testing";
		};
/* End PBXNativeTarget section */

/* Begin PBXProject section */
		1627FBFA26A86663001385FE /* Project object */ = {
			isa = PBXProject;
			attributes = {
				LastUpgradeCheck = 1250;
				TargetAttributes = {
					1627FC0126A86663001385FE = {
						CreatedOnToolsVersion = 12.5;
						LastSwiftMigration = 1250;
					};
					1627FC1C26A86668001385FE = {
						CreatedOnToolsVersion = 12.5;
						TestTargetID = 1627FC0126A86663001385FE;
					};
					1627FC2726A86668001385FE = {
						CreatedOnToolsVersion = 12.5;
						TestTargetID = 1627FC0126A86663001385FE;
					};
				};
			};
			buildConfigurationList = 1627FBFD26A86663001385FE /* Build configuration list for PBXProject "FlightSearchService" */;
			compatibilityVersion = "Xcode 9.3";
			developmentRegion = en;
			hasScannedForEncodings = 0;
			knownRegions = (
				en,
				Base,
			);
			mainGroup = 1627FBF926A86663001385FE;
			productRefGroup = 1627FC0326A86663001385FE /* Products */;
			projectDirPath = "";
			projectRoot = "";
			targets = (
				1627FC0126A86663001385FE /* FlightSearchService */,
				1627FC1C26A86668001385FE /* FlightSearchServiceTests */,
				1627FC2726A86668001385FE /* FlightSearchServiceUITests */,
			);
		};
/* End PBXProject section */

/* Begin PBXResourcesBuildPhase section */
		1627FC0026A86663001385FE /* Resources */ = {
			isa = PBXResourcesBuildPhase;
			buildActionMask = 2147483647;
			files = (
				16BA767B26A8BBB000E269B2 /* cities.json in Resources */,
				1627FC1526A86668001385FE /* LaunchScreen.storyboard in Resources */,
				16BA767C26A8BBB000E269B2 /* countries.json in Resources */,
				1627FC1226A86668001385FE /* Assets.xcassets in Resources */,
				1648E85B26B57538005D87B9 /* packmanAnimation.json in Resources */,
				16BA767D26A8BBB000E269B2 /* airports.json in Resources */,
			);
			runOnlyForDeploymentPostprocessing = 0;
		};
		1627FC1B26A86668001385FE /* Resources */ = {
			isa = PBXResourcesBuildPhase;
			buildActionMask = 2147483647;
			files = (
			);
			runOnlyForDeploymentPostprocessing = 0;
		};
		1627FC2626A86668001385FE /* Resources */ = {
			isa = PBXResourcesBuildPhase;
			buildActionMask = 2147483647;
			files = (
			);
			runOnlyForDeploymentPostprocessing = 0;
		};
/* End PBXResourcesBuildPhase section */

/* Begin PBXSourcesBuildPhase section */
		1627FBFE26A86663001385FE /* Sources */ = {
			isa = PBXSourcesBuildPhase;
			buildActionMask = 2147483647;
			files = (
				1627FC0D26A86663001385FE /* MainViewController.m in Sources */,
				16B2750726A88E80004B89A7 /* Airport.m in Sources */,
				16B274FC26A873DB004B89A7 /* PlaceViewController.m in Sources */,
				164311D826A9BFD3004E7B6A /* TicketsTableViewCell.m in Sources */,
				1627FC0726A86663001385FE /* AppDelegate.m in Sources */,
				16AB05AB26B1AD0200C1864A /* CoreDataHelper.m in Sources */,
				16B2750126A889B6004B89A7 /* Country.m in Sources */,
				16AB05A626B1ACAA00C1864A /* FavoriteTicket+CoreDataClass.swift in Sources */,
				1627FC1826A86668001385FE /* main.m in Sources */,
				16AB05A726B1ACAA00C1864A /* FavoriteTicket+CoreDataProperties.swift in Sources */,
				16B2750426A88B47004B89A7 /* City.m in Sources */,
				164311DE26AAFE4E004E7B6A /* ApiManager.m in Sources */,
				1637256726AD897E00F05D8B /* MapWithPrice.m in Sources */,
				16B2750A26A8905A004B89A7 /* DataManager.m in Sources */,
				1637256B26ADAE5100F05D8B /* MapViewController.m in Sources */,
				1627CA9926AC9F0700D64136 /* TicketsTableViewController.m in Sources */,
				1627FC0A26A86663001385FE /* SceneDelegate.m in Sources */,
				1610B3DC26B2D93A008D37D0 /* Model.xcdatamodeld in Sources */,
				166085AB26AF366F00375847 /* TabBarController.m in Sources */,
				1637256426AD82B600F05D8B /* LocationService.m in Sources */,
				164311E126AB4CAF004E7B6A /* Ticket.m in Sources */,
			);
			runOnlyForDeploymentPostprocessing = 0;
		};
		1627FC1926A86668001385FE /* Sources */ = {
			isa = PBXSourcesBuildPhase;
			buildActionMask = 2147483647;
			files = (
				1627FC2226A86668001385FE /* FlightSearchServiceTests.m in Sources */,
			);
			runOnlyForDeploymentPostprocessing = 0;
		};
		1627FC2426A86668001385FE /* Sources */ = {
			isa = PBXSourcesBuildPhase;
			buildActionMask = 2147483647;
			files = (
				1627FC2D26A86668001385FE /* FlightSearchServiceUITests.m in Sources */,
			);
			runOnlyForDeploymentPostprocessing = 0;
		};
/* End PBXSourcesBuildPhase section */

/* Begin PBXTargetDependency section */
		1627FC1F26A86668001385FE /* PBXTargetDependency */ = {
			isa = PBXTargetDependency;
			target = 1627FC0126A86663001385FE /* FlightSearchService */;
			targetProxy = 1627FC1E26A86668001385FE /* PBXContainerItemProxy */;
		};
		1627FC2A26A86668001385FE /* PBXTargetDependency */ = {
			isa = PBXTargetDependency;
			target = 1627FC0126A86663001385FE /* FlightSearchService */;
			targetProxy = 1627FC2926A86668001385FE /* PBXContainerItemProxy */;
		};
/* End PBXTargetDependency section */

/* Begin PBXVariantGroup section */
		1627FC1326A86668001385FE /* LaunchScreen.storyboard */ = {
			isa = PBXVariantGroup;
			children = (
				1627FC1426A86668001385FE /* Base */,
			);
			name = LaunchScreen.storyboard;
			sourceTree = "<group>";
		};
/* End PBXVariantGroup section */

/* Begin XCBuildConfiguration section */
		1627FC2F26A86668001385FE /* Debug */ = {
			isa = XCBuildConfiguration;
			buildSettings = {
				ALWAYS_SEARCH_USER_PATHS = NO;
				CLANG_ANALYZER_NONNULL = YES;
				CLANG_ANALYZER_NUMBER_OBJECT_CONVERSION = YES_AGGRESSIVE;
				CLANG_CXX_LANGUAGE_STANDARD = "gnu++14";
				CLANG_CXX_LIBRARY = "libc++";
				CLANG_ENABLE_MODULES = YES;
				CLANG_ENABLE_OBJC_ARC = YES;
				CLANG_ENABLE_OBJC_WEAK = YES;
				CLANG_WARN_BLOCK_CAPTURE_AUTORELEASING = YES;
				CLANG_WARN_BOOL_CONVERSION = YES;
				CLANG_WARN_COMMA = YES;
				CLANG_WARN_CONSTANT_CONVERSION = YES;
				CLANG_WARN_DEPRECATED_OBJC_IMPLEMENTATIONS = YES;
				CLANG_WARN_DIRECT_OBJC_ISA_USAGE = YES_ERROR;
				CLANG_WARN_DOCUMENTATION_COMMENTS = YES;
				CLANG_WARN_EMPTY_BODY = YES;
				CLANG_WARN_ENUM_CONVERSION = YES;
				CLANG_WARN_INFINITE_RECURSION = YES;
				CLANG_WARN_INT_CONVERSION = YES;
				CLANG_WARN_NON_LITERAL_NULL_CONVERSION = YES;
				CLANG_WARN_OBJC_IMPLICIT_RETAIN_SELF = YES;
				CLANG_WARN_OBJC_LITERAL_CONVERSION = YES;
				CLANG_WARN_OBJC_ROOT_CLASS = YES_ERROR;
				CLANG_WARN_QUOTED_INCLUDE_IN_FRAMEWORK_HEADER = YES;
				CLANG_WARN_RANGE_LOOP_ANALYSIS = YES;
				CLANG_WARN_STRICT_PROTOTYPES = YES;
				CLANG_WARN_SUSPICIOUS_MOVE = YES;
				CLANG_WARN_UNGUARDED_AVAILABILITY = YES_AGGRESSIVE;
				CLANG_WARN_UNREACHABLE_CODE = YES;
				CLANG_WARN__DUPLICATE_METHOD_MATCH = YES;
				COPY_PHASE_STRIP = NO;
				DEBUG_INFORMATION_FORMAT = dwarf;
				ENABLE_STRICT_OBJC_MSGSEND = YES;
				ENABLE_TESTABILITY = YES;
				GCC_C_LANGUAGE_STANDARD = gnu11;
				GCC_DYNAMIC_NO_PIC = NO;
				GCC_NO_COMMON_BLOCKS = YES;
				GCC_OPTIMIZATION_LEVEL = 0;
				GCC_PREPROCESSOR_DEFINITIONS = (
					"DEBUG=1",
					"$(inherited)",
				);
				GCC_WARN_64_TO_32_BIT_CONVERSION = YES;
				GCC_WARN_ABOUT_RETURN_TYPE = YES_ERROR;
				GCC_WARN_UNDECLARED_SELECTOR = YES;
				GCC_WARN_UNINITIALIZED_AUTOS = YES_AGGRESSIVE;
				GCC_WARN_UNUSED_FUNCTION = YES;
				GCC_WARN_UNUSED_VARIABLE = YES;
				IPHONEOS_DEPLOYMENT_TARGET = 14.5;
				MTL_ENABLE_DEBUG_INFO = INCLUDE_SOURCE;
				MTL_FAST_MATH = YES;
				ONLY_ACTIVE_ARCH = YES;
				SDKROOT = iphoneos;
			};
			name = Debug;
		};
		1627FC3026A86668001385FE /* Release */ = {
			isa = XCBuildConfiguration;
			buildSettings = {
				ALWAYS_SEARCH_USER_PATHS = NO;
				CLANG_ANALYZER_NONNULL = YES;
				CLANG_ANALYZER_NUMBER_OBJECT_CONVERSION = YES_AGGRESSIVE;
				CLANG_CXX_LANGUAGE_STANDARD = "gnu++14";
				CLANG_CXX_LIBRARY = "libc++";
				CLANG_ENABLE_MODULES = YES;
				CLANG_ENABLE_OBJC_ARC = YES;
				CLANG_ENABLE_OBJC_WEAK = YES;
				CLANG_WARN_BLOCK_CAPTURE_AUTORELEASING = YES;
				CLANG_WARN_BOOL_CONVERSION = YES;
				CLANG_WARN_COMMA = YES;
				CLANG_WARN_CONSTANT_CONVERSION = YES;
				CLANG_WARN_DEPRECATED_OBJC_IMPLEMENTATIONS = YES;
				CLANG_WARN_DIRECT_OBJC_ISA_USAGE = YES_ERROR;
				CLANG_WARN_DOCUMENTATION_COMMENTS = YES;
				CLANG_WARN_EMPTY_BODY = YES;
				CLANG_WARN_ENUM_CONVERSION = YES;
				CLANG_WARN_INFINITE_RECURSION = YES;
				CLANG_WARN_INT_CONVERSION = YES;
				CLANG_WARN_NON_LITERAL_NULL_CONVERSION = YES;
				CLANG_WARN_OBJC_IMPLICIT_RETAIN_SELF = YES;
				CLANG_WARN_OBJC_LITERAL_CONVERSION = YES;
				CLANG_WARN_OBJC_ROOT_CLASS = YES_ERROR;
				CLANG_WARN_QUOTED_INCLUDE_IN_FRAMEWORK_HEADER = YES;
				CLANG_WARN_RANGE_LOOP_ANALYSIS = YES;
				CLANG_WARN_STRICT_PROTOTYPES = YES;
				CLANG_WARN_SUSPICIOUS_MOVE = YES;
				CLANG_WARN_UNGUARDED_AVAILABILITY = YES_AGGRESSIVE;
				CLANG_WARN_UNREACHABLE_CODE = YES;
				CLANG_WARN__DUPLICATE_METHOD_MATCH = YES;
				COPY_PHASE_STRIP = NO;
				DEBUG_INFORMATION_FORMAT = "dwarf-with-dsym";
				ENABLE_NS_ASSERTIONS = NO;
				ENABLE_STRICT_OBJC_MSGSEND = YES;
				GCC_C_LANGUAGE_STANDARD = gnu11;
				GCC_NO_COMMON_BLOCKS = YES;
				GCC_WARN_64_TO_32_BIT_CONVERSION = YES;
				GCC_WARN_ABOUT_RETURN_TYPE = YES_ERROR;
				GCC_WARN_UNDECLARED_SELECTOR = YES;
				GCC_WARN_UNINITIALIZED_AUTOS = YES_AGGRESSIVE;
				GCC_WARN_UNUSED_FUNCTION = YES;
				GCC_WARN_UNUSED_VARIABLE = YES;
				IPHONEOS_DEPLOYMENT_TARGET = 14.5;
				MTL_ENABLE_DEBUG_INFO = NO;
				MTL_FAST_MATH = YES;
				SDKROOT = iphoneos;
				VALIDATE_PRODUCT = YES;
			};
			name = Release;
		};
		1627FC3226A86668001385FE /* Debug */ = {
			isa = XCBuildConfiguration;
			buildSettings = {
				ASSETCATALOG_COMPILER_APPICON_NAME = AppIcon;
				ASSETCATALOG_COMPILER_GLOBAL_ACCENT_COLOR_NAME = AccentColor;
				CLANG_ENABLE_MODULES = YES;
				CODE_SIGN_STYLE = Automatic;
				DEVELOPMENT_TEAM = 97WCP8NGSS;
				INFOPLIST_FILE = FlightSearchService/Info.plist;
				LD_RUNPATH_SEARCH_PATHS = (
					"$(inherited)",
					"@executable_path/Frameworks",
				);
				PRODUCT_BUNDLE_IDENTIFIER = com.AndNasPlay.FlightSearchService;
				PRODUCT_NAME = "$(TARGET_NAME)";
				SWIFT_OBJC_BRIDGING_HEADER = "FlightSearchService-Bridging-Header.h";
				SWIFT_OPTIMIZATION_LEVEL = "-Onone";
				SWIFT_VERSION = 5.0;
				TARGETED_DEVICE_FAMILY = "1,2";
			};
			name = Debug;
		};
		1627FC3326A86668001385FE /* Release */ = {
			isa = XCBuildConfiguration;
			buildSettings = {
				ASSETCATALOG_COMPILER_APPICON_NAME = AppIcon;
				ASSETCATALOG_COMPILER_GLOBAL_ACCENT_COLOR_NAME = AccentColor;
				CLANG_ENABLE_MODULES = YES;
				CODE_SIGN_STYLE = Automatic;
				DEVELOPMENT_TEAM = 97WCP8NGSS;
				INFOPLIST_FILE = FlightSearchService/Info.plist;
				LD_RUNPATH_SEARCH_PATHS = (
					"$(inherited)",
					"@executable_path/Frameworks",
				);
				PRODUCT_BUNDLE_IDENTIFIER = com.AndNasPlay.FlightSearchService;
				PRODUCT_NAME = "$(TARGET_NAME)";
				SWIFT_OBJC_BRIDGING_HEADER = "FlightSearchService-Bridging-Header.h";
				SWIFT_VERSION = 5.0;
				TARGETED_DEVICE_FAMILY = "1,2";
			};
			name = Release;
		};
		1627FC3526A86668001385FE /* Debug */ = {
			isa = XCBuildConfiguration;
			buildSettings = {
				ALWAYS_EMBED_SWIFT_STANDARD_LIBRARIES = YES;
				BUNDLE_LOADER = "$(TEST_HOST)";
				CODE_SIGN_STYLE = Automatic;
				DEVELOPMENT_TEAM = 97WCP8NGSS;
				INFOPLIST_FILE = FlightSearchServiceTests/Info.plist;
				IPHONEOS_DEPLOYMENT_TARGET = 14.5;
				LD_RUNPATH_SEARCH_PATHS = (
					"$(inherited)",
					"@executable_path/Frameworks",
					"@loader_path/Frameworks",
				);
				PRODUCT_BUNDLE_IDENTIFIER = com.AndNasPlay.FlightSearchServiceTests;
				PRODUCT_NAME = "$(TARGET_NAME)";
				TARGETED_DEVICE_FAMILY = "1,2";
				TEST_HOST = "$(BUILT_PRODUCTS_DIR)/FlightSearchService.app/FlightSearchService";
			};
			name = Debug;
		};
		1627FC3626A86668001385FE /* Release */ = {
			isa = XCBuildConfiguration;
			buildSettings = {
				ALWAYS_EMBED_SWIFT_STANDARD_LIBRARIES = YES;
				BUNDLE_LOADER = "$(TEST_HOST)";
				CODE_SIGN_STYLE = Automatic;
				DEVELOPMENT_TEAM = 97WCP8NGSS;
				INFOPLIST_FILE = FlightSearchServiceTests/Info.plist;
				IPHONEOS_DEPLOYMENT_TARGET = 14.5;
				LD_RUNPATH_SEARCH_PATHS = (
					"$(inherited)",
					"@executable_path/Frameworks",
					"@loader_path/Frameworks",
				);
				PRODUCT_BUNDLE_IDENTIFIER = com.AndNasPlay.FlightSearchServiceTests;
				PRODUCT_NAME = "$(TARGET_NAME)";
				TARGETED_DEVICE_FAMILY = "1,2";
				TEST_HOST = "$(BUILT_PRODUCTS_DIR)/FlightSearchService.app/FlightSearchService";
			};
			name = Release;
		};
		1627FC3826A86668001385FE /* Debug */ = {
			isa = XCBuildConfiguration;
			buildSettings = {
				ALWAYS_EMBED_SWIFT_STANDARD_LIBRARIES = YES;
				CODE_SIGN_STYLE = Automatic;
				DEVELOPMENT_TEAM = 97WCP8NGSS;
				INFOPLIST_FILE = FlightSearchServiceUITests/Info.plist;
				LD_RUNPATH_SEARCH_PATHS = (
					"$(inherited)",
					"@executable_path/Frameworks",
					"@loader_path/Frameworks",
				);
				PRODUCT_BUNDLE_IDENTIFIER = com.AndNasPlay.FlightSearchServiceUITests;
				PRODUCT_NAME = "$(TARGET_NAME)";
				TARGETED_DEVICE_FAMILY = "1,2";
				TEST_TARGET_NAME = FlightSearchService;
			};
			name = Debug;
		};
		1627FC3926A86668001385FE /* Release */ = {
			isa = XCBuildConfiguration;
			buildSettings = {
				ALWAYS_EMBED_SWIFT_STANDARD_LIBRARIES = YES;
				CODE_SIGN_STYLE = Automatic;
				DEVELOPMENT_TEAM = 97WCP8NGSS;
				INFOPLIST_FILE = FlightSearchServiceUITests/Info.plist;
				LD_RUNPATH_SEARCH_PATHS = (
					"$(inherited)",
					"@executable_path/Frameworks",
					"@loader_path/Frameworks",
				);
				PRODUCT_BUNDLE_IDENTIFIER = com.AndNasPlay.FlightSearchServiceUITests;
				PRODUCT_NAME = "$(TARGET_NAME)";
				TARGETED_DEVICE_FAMILY = "1,2";
				TEST_TARGET_NAME = FlightSearchService;
			};
			name = Release;
		};
/* End XCBuildConfiguration section */

/* Begin XCConfigurationList section */
		1627FBFD26A86663001385FE /* Build configuration list for PBXProject "FlightSearchService" */ = {
			isa = XCConfigurationList;
			buildConfigurations = (
				1627FC2F26A86668001385FE /* Debug */,
				1627FC3026A86668001385FE /* Release */,
			);
			defaultConfigurationIsVisible = 0;
			defaultConfigurationName = Release;
		};
		1627FC3126A86668001385FE /* Build configuration list for PBXNativeTarget "FlightSearchService" */ = {
			isa = XCConfigurationList;
			buildConfigurations = (
				1627FC3226A86668001385FE /* Debug */,
				1627FC3326A86668001385FE /* Release */,
			);
			defaultConfigurationIsVisible = 0;
			defaultConfigurationName = Release;
		};
		1627FC3426A86668001385FE /* Build configuration list for PBXNativeTarget "FlightSearchServiceTests" */ = {
			isa = XCConfigurationList;
			buildConfigurations = (
				1627FC3526A86668001385FE /* Debug */,
				1627FC3626A86668001385FE /* Release */,
			);
			defaultConfigurationIsVisible = 0;
			defaultConfigurationName = Release;
		};
		1627FC3726A86668001385FE /* Build configuration list for PBXNativeTarget "FlightSearchServiceUITests" */ = {
			isa = XCConfigurationList;
			buildConfigurations = (
				1627FC3826A86668001385FE /* Debug */,
				1627FC3926A86668001385FE /* Release */,
			);
			defaultConfigurationIsVisible = 0;
			defaultConfigurationName = Release;
		};
/* End XCConfigurationList section */

/* Begin XCVersionGroup section */
		16AB05A026B1AAFC00C1864A /* Model.xcdatamodeld */ = {
			isa = XCVersionGroup;
			children = (
				16AB05A126B1AAFC00C1864A /* Model.xcdatamodel */,
			);
			currentVersion = 16AB05A126B1AAFC00C1864A /* Model.xcdatamodel */;
			path = Model.xcdatamodeld;
			sourceTree = "<group>";
			versionGroupType = wrapper.xcdatamodel;
		};
/* End XCVersionGroup section */
	};
	rootObject = 1627FBFA26A86663001385FE /* Project object */;
}
